
Microsoft Visual Studio Solution File, Format Version 12.00
# Visual Studio Version 16
VisualStudioVersion = 16.0.30517.126
MinimumVisualStudioVersion = 10.0.40219.1
Project("{9A19103F-16F7-4668-BE54-9A1E7A4F7556}") = "Contacten1", "Contacten1.csproj", "{DDE8E646-BF2E-4B35-8A86-001BAAEE08E4}"
EndProject
Global
	GlobalSection(SolutionConfigurationPlatforms) = preSolution
		Debug|Any CPU = Debug|Any CPU
		Release|Any CPU = Release|Any CPU
	EndGlobalSection
	GlobalSection(ProjectConfigurationPlatforms) = postSolution
		{DDE8E646-BF2E-4B35-8A86-001BAAEE08E4}.Debug|Any CPU.ActiveCfg = Debug|Any CPU
		{DDE8E646-BF2E-4B35-8A86-001BAAEE08E4}.Debug|Any CPU.Build.0 = Debug|Any CPU
		{DDE8E646-BF2E-4B35-8A86-001BAAEE08E4}.Release|Any CPU.ActiveCfg = Release|Any CPU
		{DDE8E646-BF2E-4B35-8A86-001BAAEE08E4}.Release|Any CPU.Build.0 = Release|Any CPU
	EndGlobalSection
	GlobalSection(SolutionProperties) = preSolution
		HideSolutionNode = FALSE
	EndGlobalSection
	GlobalSection(ExtensibilityGlobals) = postSolution
		SolutionGuid = {4C466FA0-76A1-4B01-A3A0-46C0C77ABEA8}
	EndGlobalSection
EndGlobal
